
Microsoft Visual Studio Solution File, Format Version 12.00
# Visual Studio 15
VisualStudioVersion = 15.0.28307.1022
MinimumVisualStudioVersion = 10.0.40219.1
Project("{FAE04EC0-301F-11D3-BF4B-00C04F79EFBC}") = "ShapeFactory", "ShapeFactory\ShapeFactory.csproj", "{C723F8E0-EE52-482A-A870-4D12D7A5B86A}"
EndProject
Global
	GlobalSection(SolutionConfigurationPlatforms) = preSolution
		Debug|Any CPU = Debug|Any CPU
		Release|Any CPU = Release|Any CPU
	EndGlobalSection
	GlobalSection(ProjectConfigurationPlatforms) = postSolution
		{C723F8E0-EE52-482A-A870-4D12D7A5B86A}.Debug|Any CPU.ActiveCfg = Debug|Any CPU
		{C723F8E0-EE52-482A-A870-4D12D7A5B86A}.Debug|Any CPU.Build.0 = Debug|Any CPU
		{C723F8E0-EE52-482A-A870-4D12D7A5B86A}.Release|Any CPU.ActiveCfg = Release|Any CPU
		{C723F8E0-EE52-482A-A870-4D12D7A5B86A}.Release|Any CPU.Build.0 = Release|Any CPU
	EndGlobalSection
	GlobalSection(SolutionProperties) = preSolution
		HideSolutionNode = FALSE
	EndGlobalSection
	GlobalSection(ExtensibilityGlobals) = postSolution
		SolutionGuid = {B3898034-5947-4CF8-9590-1385736C54C5}
	EndGlobalSection
EndGlobal
