
Microsoft Visual Studio Solution File, Format Version 12.00
# Visual Studio 15
VisualStudioVersion = 15.0.28307.1145
MinimumVisualStudioVersion = 10.0.40219.1
Project("{FAE04EC0-301F-11D3-BF4B-00C04F79EFBC}") = "OrderManagement", "WindowsFormsApp6\OrderManagement.csproj", "{A120F6FD-A04E-4544-B57C-D13193CF5804}"
EndProject
Global
	GlobalSection(SolutionConfigurationPlatforms) = preSolution
		Debug|Any CPU = Debug|Any CPU
		Release|Any CPU = Release|Any CPU
	EndGlobalSection
	GlobalSection(ProjectConfigurationPlatforms) = postSolution
		{A120F6FD-A04E-4544-B57C-D13193CF5804}.Debug|Any CPU.ActiveCfg = Debug|Any CPU
		{A120F6FD-A04E-4544-B57C-D13193CF5804}.Debug|Any CPU.Build.0 = Debug|Any CPU
		{A120F6FD-A04E-4544-B57C-D13193CF5804}.Release|Any CPU.ActiveCfg = Release|Any CPU
		{A120F6FD-A04E-4544-B57C-D13193CF5804}.Release|Any CPU.Build.0 = Release|Any CPU
	EndGlobalSection
	GlobalSection(SolutionProperties) = preSolution
		HideSolutionNode = FALSE
	EndGlobalSection
	GlobalSection(ExtensibilityGlobals) = postSolution
		SolutionGuid = {2F1872C2-AA88-4D0A-9CAC-01CC153C3296}
	EndGlobalSection
EndGlobal
